
Microsoft Visual Studio Solution File, Format Version 12.00
Project("{FAE04EC0-301F-11D3-BF4B-00C04F79EFBC}") = "Unicam.Enterprise.Project.Web", "Unicam.Enterprise.Project.Web\Unicam.Enterprise.Project.Web.csproj", "{2615F13F-C8B8-4F77-A8D4-FCC2072418EB}"
EndProject
Project("{FAE04EC0-301F-11D3-BF4B-00C04F79EFBC}") = "Unicam.Enterprise.Project.Model", "Unicam.Enterprise.Project.Model\Unicam.Enterprise.Project.Model.csproj", "{C9CD81D4-CDE8-4DC6-87EB-9727EFC719B0}"
EndProject
Project("{FAE04EC0-301F-11D3-BF4B-00C04F79EFBC}") = "Unicam.Enterprise.Project.Application", "Unicam.Enterprise.Project.Application\Unicam.Enterprise.Project.Application.csproj", "{568BFCAD-105B-4316-9C3A-8A38A5480CF3}"
EndProject
Project("{FAE04EC0-301F-11D3-BF4B-00C04F79EFBC}") = "Unicam.Enterprise.Project.Infrastructure", "Unicam.Enterprise.Project.Infrastructure\Unicam.Enterprise.Project.Infrastructure.csproj", "{C1C465EF-C2C8-4C34-ADD8-C4FC61D7998C}"
EndProject
Global
	GlobalSection(SolutionConfigurationPlatforms) = preSolution
		Debug|Any CPU = Debug|Any CPU
		Release|Any CPU = Release|Any CPU
	EndGlobalSection
	GlobalSection(ProjectConfigurationPlatforms) = postSolution
		{2615F13F-C8B8-4F77-A8D4-FCC2072418EB}.Debug|Any CPU.ActiveCfg = Debug|Any CPU
		{2615F13F-C8B8-4F77-A8D4-FCC2072418EB}.Debug|Any CPU.Build.0 = Debug|Any CPU
		{2615F13F-C8B8-4F77-A8D4-FCC2072418EB}.Release|Any CPU.ActiveCfg = Release|Any CPU
		{2615F13F-C8B8-4F77-A8D4-FCC2072418EB}.Release|Any CPU.Build.0 = Release|Any CPU
		{C9CD81D4-CDE8-4DC6-87EB-9727EFC719B0}.Debug|Any CPU.ActiveCfg = Debug|Any CPU
		{C9CD81D4-CDE8-4DC6-87EB-9727EFC719B0}.Debug|Any CPU.Build.0 = Debug|Any CPU
		{C9CD81D4-CDE8-4DC6-87EB-9727EFC719B0}.Release|Any CPU.ActiveCfg = Release|Any CPU
		{C9CD81D4-CDE8-4DC6-87EB-9727EFC719B0}.Release|Any CPU.Build.0 = Release|Any CPU
		{568BFCAD-105B-4316-9C3A-8A38A5480CF3}.Debug|Any CPU.ActiveCfg = Debug|Any CPU
		{568BFCAD-105B-4316-9C3A-8A38A5480CF3}.Debug|Any CPU.Build.0 = Debug|Any CPU
		{568BFCAD-105B-4316-9C3A-8A38A5480CF3}.Release|Any CPU.ActiveCfg = Release|Any CPU
		{568BFCAD-105B-4316-9C3A-8A38A5480CF3}.Release|Any CPU.Build.0 = Release|Any CPU
		{C1C465EF-C2C8-4C34-ADD8-C4FC61D7998C}.Debug|Any CPU.ActiveCfg = Debug|Any CPU
		{C1C465EF-C2C8-4C34-ADD8-C4FC61D7998C}.Debug|Any CPU.Build.0 = Debug|Any CPU
		{C1C465EF-C2C8-4C34-ADD8-C4FC61D7998C}.Release|Any CPU.ActiveCfg = Release|Any CPU
		{C1C465EF-C2C8-4C34-ADD8-C4FC61D7998C}.Release|Any CPU.Build.0 = Release|Any CPU
	EndGlobalSection
EndGlobal
