
Microsoft Visual Studio Solution File, Format Version 12.00
Project("{FAE04EC0-301F-11D3-BF4B-00C04F79EFBC}") = "Unicam.Paradigmi.Project.Web", "Unicam.Paradigmi.Project.Web\Unicam.Paradigmi.Project.Web.csproj", "{2615F13F-C8B8-4F77-A8D4-FCC2072418EB}"
EndProject
Project("{FAE04EC0-301F-11D3-BF4B-00C04F79EFBC}") = "Unicam.Paradigmi.Project.Model", "Unicam.Paradigmi.Project.Model\Unicam.Paradigmi.Project.Model.csproj", "{C9CD81D4-CDE8-4DC6-87EB-9727EFC719B0}"
EndProject
Project("{FAE04EC0-301F-11D3-BF4B-00C04F79EFBC}") = "Unicam.Paradigmi.Project.Infrastructure", "Unicam.Paradigmi.Project.Infrastructure\Unicam.Paradigmi.Project.Infrastructure.csproj", "{2855CBCA-2990-4586-902E-998CCE69C2C3}"
EndProject
Global
	GlobalSection(SolutionConfigurationPlatforms) = preSolution
		Debug|Any CPU = Debug|Any CPU
		Release|Any CPU = Release|Any CPU
	EndGlobalSection
	GlobalSection(ProjectConfigurationPlatforms) = postSolution
		{2615F13F-C8B8-4F77-A8D4-FCC2072418EB}.Debug|Any CPU.ActiveCfg = Debug|Any CPU
		{2615F13F-C8B8-4F77-A8D4-FCC2072418EB}.Debug|Any CPU.Build.0 = Debug|Any CPU
		{2615F13F-C8B8-4F77-A8D4-FCC2072418EB}.Release|Any CPU.ActiveCfg = Release|Any CPU
		{2615F13F-C8B8-4F77-A8D4-FCC2072418EB}.Release|Any CPU.Build.0 = Release|Any CPU
		{C9CD81D4-CDE8-4DC6-87EB-9727EFC719B0}.Debug|Any CPU.ActiveCfg = Debug|Any CPU
		{C9CD81D4-CDE8-4DC6-87EB-9727EFC719B0}.Debug|Any CPU.Build.0 = Debug|Any CPU
		{C9CD81D4-CDE8-4DC6-87EB-9727EFC719B0}.Release|Any CPU.ActiveCfg = Release|Any CPU
		{C9CD81D4-CDE8-4DC6-87EB-9727EFC719B0}.Release|Any CPU.Build.0 = Release|Any CPU
		{2855CBCA-2990-4586-902E-998CCE69C2C3}.Debug|Any CPU.ActiveCfg = Debug|Any CPU
		{2855CBCA-2990-4586-902E-998CCE69C2C3}.Debug|Any CPU.Build.0 = Debug|Any CPU
		{2855CBCA-2990-4586-902E-998CCE69C2C3}.Release|Any CPU.ActiveCfg = Release|Any CPU
		{2855CBCA-2990-4586-902E-998CCE69C2C3}.Release|Any CPU.Build.0 = Release|Any CPU
	EndGlobalSection
EndGlobal
